
Microsoft Visual Studio Solution File, Format Version 12.00
# Visual Studio 14
VisualStudioVersion = 14.0.25420.1
MinimumVisualStudioVersion = 10.0.40219.1
Project("{FAE04EC0-301F-11D3-BF4B-00C04F79EFBC}") = "DTP.JupiterTransactionLog", "DTP.JupiterTransactionLog\DTP.JupiterTransactionLog.csproj", "{C1DAC191-8A07-4B53-A242-82641100F16B}"
EndProject
Project("{FAE04EC0-301F-11D3-BF4B-00C04F79EFBC}") = "DTP.JupiterDelivery", "JupiterDeliveryClient\DTP.JupiterDelivery.csproj", "{DF255911-1BB4-4240-ABD9-607E23D52AFD}"
EndProject
Project("{FAE04EC0-301F-11D3-BF4B-00C04F79EFBC}") = "DTP.JupiterDownload", "JupiterDownloadClient\DTP.JupiterDownload.csproj", "{E8FCF0DD-BCB9-43D2-963C-4938346B6898}"
EndProject
Project("{FAE04EC0-301F-11D3-BF4B-00C04F79EFBC}") = "DTP.JupiterIntegration", "JupiterIntegration\DTP.JupiterIntegration.csproj", "{BD718B85-4226-4521-A6A4-6D8576A5C933}"
EndProject
Global
	GlobalSection(SolutionConfigurationPlatforms) = preSolution
		Debug|Any CPU = Debug|Any CPU
		Release|Any CPU = Release|Any CPU
	EndGlobalSection
	GlobalSection(ProjectConfigurationPlatforms) = postSolution
		{C1DAC191-8A07-4B53-A242-82641100F16B}.Debug|Any CPU.ActiveCfg = Debug|Any CPU
		{C1DAC191-8A07-4B53-A242-82641100F16B}.Debug|Any CPU.Build.0 = Debug|Any CPU
		{C1DAC191-8A07-4B53-A242-82641100F16B}.Release|Any CPU.ActiveCfg = Release|Any CPU
		{C1DAC191-8A07-4B53-A242-82641100F16B}.Release|Any CPU.Build.0 = Release|Any CPU
		{DF255911-1BB4-4240-ABD9-607E23D52AFD}.Debug|Any CPU.ActiveCfg = Debug|Any CPU
		{DF255911-1BB4-4240-ABD9-607E23D52AFD}.Debug|Any CPU.Build.0 = Debug|Any CPU
		{DF255911-1BB4-4240-ABD9-607E23D52AFD}.Release|Any CPU.ActiveCfg = Release|Any CPU
		{DF255911-1BB4-4240-ABD9-607E23D52AFD}.Release|Any CPU.Build.0 = Release|Any CPU
		{E8FCF0DD-BCB9-43D2-963C-4938346B6898}.Debug|Any CPU.ActiveCfg = Debug|Any CPU
		{E8FCF0DD-BCB9-43D2-963C-4938346B6898}.Debug|Any CPU.Build.0 = Debug|Any CPU
		{E8FCF0DD-BCB9-43D2-963C-4938346B6898}.Release|Any CPU.ActiveCfg = Release|Any CPU
		{E8FCF0DD-BCB9-43D2-963C-4938346B6898}.Release|Any CPU.Build.0 = Release|Any CPU
		{BD718B85-4226-4521-A6A4-6D8576A5C933}.Debug|Any CPU.ActiveCfg = Debug|Any CPU
		{BD718B85-4226-4521-A6A4-6D8576A5C933}.Debug|Any CPU.Build.0 = Debug|Any CPU
		{BD718B85-4226-4521-A6A4-6D8576A5C933}.Release|Any CPU.ActiveCfg = Release|Any CPU
		{BD718B85-4226-4521-A6A4-6D8576A5C933}.Release|Any CPU.Build.0 = Release|Any CPU
	EndGlobalSection
	GlobalSection(SolutionProperties) = preSolution
		HideSolutionNode = FALSE
	EndGlobalSection
EndGlobal
